
Microsoft Visual Studio Solution File, Format Version 12.00
# Visual Studio Version 16
VisualStudioVersion = 16.0.32413.511
MinimumVisualStudioVersion = 10.0.40219.1
Project("{888888A0-9F3D-457C-B088-3A5042F75D52}") = "SwarmIntelligence-Project1", "SwarmIntelligence-Project1\SwarmIntelligence-Project1.pyproj", "{2447192F-0B93-4177-A03A-AFC587BAD3BF}"
EndProject
Global
	GlobalSection(SolutionConfigurationPlatforms) = preSolution
		Debug|Any CPU = Debug|Any CPU
		Release|Any CPU = Release|Any CPU
	EndGlobalSection
	GlobalSection(ProjectConfigurationPlatforms) = postSolution
		{2447192F-0B93-4177-A03A-AFC587BAD3BF}.Debug|Any CPU.ActiveCfg = Debug|Any CPU
		{2447192F-0B93-4177-A03A-AFC587BAD3BF}.Release|Any CPU.ActiveCfg = Release|Any CPU
	EndGlobalSection
	GlobalSection(SolutionProperties) = preSolution
		HideSolutionNode = FALSE
	EndGlobalSection
	GlobalSection(ExtensibilityGlobals) = postSolution
		SolutionGuid = {6042D55C-F680-4EA8-89AC-67F751AB64A5}
	EndGlobalSection
EndGlobal
